
Microsoft Visual Studio Solution File, Format Version 12.00
# Visual Studio Version 17
VisualStudioVersion = 17.1.32319.34
MinimumVisualStudioVersion = 10.0.40219.1
Project("{FAE04EC0-301F-11D3-BF4B-00C04F79EFBC}") = "VisionNet", "src\VisionNet\VisionNet.csproj", "{579D8EEE-D12B-490D-A075-3F52D36D166B}"
EndProject
Project("{2150E333-8FDC-42A3-9474-1A3956D46DE8}") = "Libs", "Libs", "{0E82BE65-44BB-4239-A5BA-389FE381A260}"
EndProject
Project("{2150E333-8FDC-42A3-9474-1A3956D46DE8}") = "Test", "Test", "{D536E53E-D877-48FE-A642-66879BB7B045}"
EndProject
Project("{FAE04EC0-301F-11D3-BF4B-00C04F79EFBC}") = "Test", "Test\Test\Test.csproj", "{A486596F-B80A-4507-8913-D5AF5E203BA6}"
EndProject
Project("{FAE04EC0-301F-11D3-BF4B-00C04F79EFBC}") = "DemoFrom", "Test\DemoFrom\DemoFrom.csproj", "{472E4101-D4A3-4979-B022-228AC9AFEAB2}"
EndProject
Project("{2150E333-8FDC-42A3-9474-1A3956D46DE8}") = "Controls", "Controls", "{02EA681E-C7D8-13C7-8484-4AC65E1B71E8}"
EndProject
Project("{FAE04EC0-301F-11D3-BF4B-00C04F79EFBC}") = "CxControl", "src\Controls\CxControl\CxControl.csproj", "{4BD72C5E-5F5D-46BA-8B4B-5CE999CDF74A}"
EndProject
Project("{8BC9CEB8-8B4A-11D0-8D11-00A0C91BC942}") = "VisionLib", "src\Libs\VisionLib\VisionLib.vcxproj", "{A43D9441-164A-4BA3-A22B-EA757D4EEEA6}"
EndProject
Global
	GlobalSection(SolutionConfigurationPlatforms) = preSolution
		Debug|Any CPU = Debug|Any CPU
		Debug|x64 = Debug|x64
		Debug|x86 = Debug|x86
		Release|Any CPU = Release|Any CPU
		Release|x64 = Release|x64
		Release|x86 = Release|x86
	EndGlobalSection
	GlobalSection(ProjectConfigurationPlatforms) = postSolution
		{579D8EEE-D12B-490D-A075-3F52D36D166B}.Debug|Any CPU.ActiveCfg = Debug|Any CPU
		{579D8EEE-D12B-490D-A075-3F52D36D166B}.Debug|Any CPU.Build.0 = Debug|Any CPU
		{579D8EEE-D12B-490D-A075-3F52D36D166B}.Debug|x64.ActiveCfg = Debug|Any CPU
		{579D8EEE-D12B-490D-A075-3F52D36D166B}.Debug|x64.Build.0 = Debug|Any CPU
		{579D8EEE-D12B-490D-A075-3F52D36D166B}.Debug|x86.ActiveCfg = Debug|Any CPU
		{579D8EEE-D12B-490D-A075-3F52D36D166B}.Debug|x86.Build.0 = Debug|Any CPU
		{579D8EEE-D12B-490D-A075-3F52D36D166B}.Release|Any CPU.ActiveCfg = Release|Any CPU
		{579D8EEE-D12B-490D-A075-3F52D36D166B}.Release|Any CPU.Build.0 = Release|Any CPU
		{579D8EEE-D12B-490D-A075-3F52D36D166B}.Release|x64.ActiveCfg = Release|Any CPU
		{579D8EEE-D12B-490D-A075-3F52D36D166B}.Release|x64.Build.0 = Release|Any CPU
		{579D8EEE-D12B-490D-A075-3F52D36D166B}.Release|x86.ActiveCfg = Release|Any CPU
		{579D8EEE-D12B-490D-A075-3F52D36D166B}.Release|x86.Build.0 = Release|Any CPU
		{A486596F-B80A-4507-8913-D5AF5E203BA6}.Debug|Any CPU.ActiveCfg = Debug|Any CPU
		{A486596F-B80A-4507-8913-D5AF5E203BA6}.Debug|Any CPU.Build.0 = Debug|Any CPU
		{A486596F-B80A-4507-8913-D5AF5E203BA6}.Debug|x64.ActiveCfg = Debug|Any CPU
		{A486596F-B80A-4507-8913-D5AF5E203BA6}.Debug|x64.Build.0 = Debug|Any CPU
		{A486596F-B80A-4507-8913-D5AF5E203BA6}.Debug|x86.ActiveCfg = Debug|Any CPU
		{A486596F-B80A-4507-8913-D5AF5E203BA6}.Debug|x86.Build.0 = Debug|Any CPU
		{A486596F-B80A-4507-8913-D5AF5E203BA6}.Release|Any CPU.ActiveCfg = Release|Any CPU
		{A486596F-B80A-4507-8913-D5AF5E203BA6}.Release|Any CPU.Build.0 = Release|Any CPU
		{A486596F-B80A-4507-8913-D5AF5E203BA6}.Release|x64.ActiveCfg = Release|Any CPU
		{A486596F-B80A-4507-8913-D5AF5E203BA6}.Release|x64.Build.0 = Release|Any CPU
		{A486596F-B80A-4507-8913-D5AF5E203BA6}.Release|x86.ActiveCfg = Release|Any CPU
		{A486596F-B80A-4507-8913-D5AF5E203BA6}.Release|x86.Build.0 = Release|Any CPU
		{472E4101-D4A3-4979-B022-228AC9AFEAB2}.Debug|Any CPU.ActiveCfg = Debug|Any CPU
		{472E4101-D4A3-4979-B022-228AC9AFEAB2}.Debug|Any CPU.Build.0 = Debug|Any CPU
		{472E4101-D4A3-4979-B022-228AC9AFEAB2}.Debug|x64.ActiveCfg = Debug|Any CPU
		{472E4101-D4A3-4979-B022-228AC9AFEAB2}.Debug|x64.Build.0 = Debug|Any CPU
		{472E4101-D4A3-4979-B022-228AC9AFEAB2}.Debug|x86.ActiveCfg = Debug|Any CPU
		{472E4101-D4A3-4979-B022-228AC9AFEAB2}.Debug|x86.Build.0 = Debug|Any CPU
		{472E4101-D4A3-4979-B022-228AC9AFEAB2}.Release|Any CPU.ActiveCfg = Release|Any CPU
		{472E4101-D4A3-4979-B022-228AC9AFEAB2}.Release|Any CPU.Build.0 = Release|Any CPU
		{472E4101-D4A3-4979-B022-228AC9AFEAB2}.Release|x64.ActiveCfg = Release|Any CPU
		{472E4101-D4A3-4979-B022-228AC9AFEAB2}.Release|x64.Build.0 = Release|Any CPU
		{472E4101-D4A3-4979-B022-228AC9AFEAB2}.Release|x86.ActiveCfg = Release|Any CPU
		{472E4101-D4A3-4979-B022-228AC9AFEAB2}.Release|x86.Build.0 = Release|Any CPU
		{4BD72C5E-5F5D-46BA-8B4B-5CE999CDF74A}.Debug|Any CPU.ActiveCfg = Debug|Any CPU
		{4BD72C5E-5F5D-46BA-8B4B-5CE999CDF74A}.Debug|Any CPU.Build.0 = Debug|Any CPU
		{4BD72C5E-5F5D-46BA-8B4B-5CE999CDF74A}.Debug|x64.ActiveCfg = Debug|Any CPU
		{4BD72C5E-5F5D-46BA-8B4B-5CE999CDF74A}.Debug|x64.Build.0 = Debug|Any CPU
		{4BD72C5E-5F5D-46BA-8B4B-5CE999CDF74A}.Debug|x86.ActiveCfg = Debug|Any CPU
		{4BD72C5E-5F5D-46BA-8B4B-5CE999CDF74A}.Debug|x86.Build.0 = Debug|Any CPU
		{4BD72C5E-5F5D-46BA-8B4B-5CE999CDF74A}.Release|Any CPU.ActiveCfg = Release|Any CPU
		{4BD72C5E-5F5D-46BA-8B4B-5CE999CDF74A}.Release|Any CPU.Build.0 = Release|Any CPU
		{4BD72C5E-5F5D-46BA-8B4B-5CE999CDF74A}.Release|x64.ActiveCfg = Release|Any CPU
		{4BD72C5E-5F5D-46BA-8B4B-5CE999CDF74A}.Release|x64.Build.0 = Release|Any CPU
		{4BD72C5E-5F5D-46BA-8B4B-5CE999CDF74A}.Release|x86.ActiveCfg = Release|Any CPU
		{4BD72C5E-5F5D-46BA-8B4B-5CE999CDF74A}.Release|x86.Build.0 = Release|Any CPU
		{A43D9441-164A-4BA3-A22B-EA757D4EEEA6}.Debug|Any CPU.ActiveCfg = Debug|x64
		{A43D9441-164A-4BA3-A22B-EA757D4EEEA6}.Debug|Any CPU.Build.0 = Debug|x64
		{A43D9441-164A-4BA3-A22B-EA757D4EEEA6}.Debug|x64.ActiveCfg = Debug|x64
		{A43D9441-164A-4BA3-A22B-EA757D4EEEA6}.Debug|x64.Build.0 = Debug|x64
		{A43D9441-164A-4BA3-A22B-EA757D4EEEA6}.Debug|x86.ActiveCfg = Debug|Win32
		{A43D9441-164A-4BA3-A22B-EA757D4EEEA6}.Debug|x86.Build.0 = Debug|Win32
		{A43D9441-164A-4BA3-A22B-EA757D4EEEA6}.Release|Any CPU.ActiveCfg = Release|x64
		{A43D9441-164A-4BA3-A22B-EA757D4EEEA6}.Release|Any CPU.Build.0 = Release|x64
		{A43D9441-164A-4BA3-A22B-EA757D4EEEA6}.Release|x64.ActiveCfg = Release|x64
		{A43D9441-164A-4BA3-A22B-EA757D4EEEA6}.Release|x64.Build.0 = Release|x64
		{A43D9441-164A-4BA3-A22B-EA757D4EEEA6}.Release|x86.ActiveCfg = Release|Win32
		{A43D9441-164A-4BA3-A22B-EA757D4EEEA6}.Release|x86.Build.0 = Release|Win32
	EndGlobalSection
	GlobalSection(SolutionProperties) = preSolution
		HideSolutionNode = FALSE
	EndGlobalSection
	GlobalSection(NestedProjects) = preSolution
		{A486596F-B80A-4507-8913-D5AF5E203BA6} = {D536E53E-D877-48FE-A642-66879BB7B045}
		{472E4101-D4A3-4979-B022-228AC9AFEAB2} = {D536E53E-D877-48FE-A642-66879BB7B045}
		{4BD72C5E-5F5D-46BA-8B4B-5CE999CDF74A} = {02EA681E-C7D8-13C7-8484-4AC65E1B71E8}
		{A43D9441-164A-4BA3-A22B-EA757D4EEEA6} = {0E82BE65-44BB-4239-A5BA-389FE381A260}
	EndGlobalSection
	GlobalSection(ExtensibilityGlobals) = postSolution
		SolutionGuid = {3DA969EA-AFC1-467B-9654-527C5DA93D96}
	EndGlobalSection
EndGlobal
